
Microsoft Visual Studio Solution File, Format Version 12.00
# Visual Studio Version 17
VisualStudioVersion = 17.5.002.0
MinimumVisualStudioVersion = 10.0.40219.1
Project("{9A19103F-16F7-4668-BE54-9A1E7A4F7556}") = "hangman", "hangman.csproj", "{EECE90EB-986A-4079-869D-0BD9426C0911}"
EndProject
Global
	GlobalSection(SolutionConfigurationPlatforms) = preSolution
		Debug|Any CPU = Debug|Any CPU
		Release|Any CPU = Release|Any CPU
	EndGlobalSection
	GlobalSection(ProjectConfigurationPlatforms) = postSolution
		{EECE90EB-986A-4079-869D-0BD9426C0911}.Debug|Any CPU.ActiveCfg = Debug|Any CPU
		{EECE90EB-986A-4079-869D-0BD9426C0911}.Debug|Any CPU.Build.0 = Debug|Any CPU
		{EECE90EB-986A-4079-869D-0BD9426C0911}.Release|Any CPU.ActiveCfg = Release|Any CPU
		{EECE90EB-986A-4079-869D-0BD9426C0911}.Release|Any CPU.Build.0 = Release|Any CPU
	EndGlobalSection
	GlobalSection(SolutionProperties) = preSolution
		HideSolutionNode = FALSE
	EndGlobalSection
	GlobalSection(ExtensibilityGlobals) = postSolution
		SolutionGuid = {F3DEDB7E-E669-4A43-B64E-FDAF5EAF1F2C}
	EndGlobalSection
EndGlobal
